
Microsoft Visual Studio Solution File, Format Version 12.00
# Visual Studio Version 16
VisualStudioVersion = 16.0.31424.327
MinimumVisualStudioVersion = 10.0.40219.1
Project("{9A19103F-16F7-4668-BE54-9A1E7A4F7556}") = "hogwartsAPI", "hogwartsAPI\hogwartsAPI.csproj", "{9C6FEE1E-A83A-4DF3-9B32-AC6F3915A402}"
	ProjectSection(ProjectDependencies) = postProject
		{A896279A-C9A9-459B-A46B-B08A4D93389E} = {A896279A-C9A9-459B-A46B-B08A4D93389E}
		{D088B6AC-2B87-4251-8FA4-D0BE659D8CF9} = {D088B6AC-2B87-4251-8FA4-D0BE659D8CF9}
	EndProjectSection
EndProject
Project("{9A19103F-16F7-4668-BE54-9A1E7A4F7556}") = "hogwartsAPI.Application", "hogwartsAPI.Application\hogwartsAPI.Application.csproj", "{A896279A-C9A9-459B-A46B-B08A4D93389E}"
	ProjectSection(ProjectDependencies) = postProject
		{4C41BF71-2A8B-49A8-91AC-D1095A08883E} = {4C41BF71-2A8B-49A8-91AC-D1095A08883E}
		{D088B6AC-2B87-4251-8FA4-D0BE659D8CF9} = {D088B6AC-2B87-4251-8FA4-D0BE659D8CF9}
	EndProjectSection
EndProject
Project("{9A19103F-16F7-4668-BE54-9A1E7A4F7556}") = "hogwartsAPI.Entities", "hogwartsAPI.Entities\hogwartsAPI.Entities.csproj", "{D088B6AC-2B87-4251-8FA4-D0BE659D8CF9}"
EndProject
Project("{9A19103F-16F7-4668-BE54-9A1E7A4F7556}") = "hogwartsAPI.Repository", "hogwartsAPI.Repository\hogwartsAPI.Repository.csproj", "{4C41BF71-2A8B-49A8-91AC-D1095A08883E}"
EndProject
Project("{9A19103F-16F7-4668-BE54-9A1E7A4F7556}") = "hogwartsAPI.DataAccess", "hogwartsAPI.DataAccess\hogwartsAPI.DataAccess.csproj", "{AAF0F19C-29D9-418E-9550-5B7E76A38F28}"
EndProject
Project("{9A19103F-16F7-4668-BE54-9A1E7A4F7556}") = "hogwartsAPI.Abstractions", "hogwartsAPI.Abstractions\hogwartsAPI.Abstractions.csproj", "{D4B178CD-8921-4BC8-B221-1F44BA07262E}"
EndProject
Global
	GlobalSection(SolutionConfigurationPlatforms) = preSolution
		Debug|Any CPU = Debug|Any CPU
		Release|Any CPU = Release|Any CPU
	EndGlobalSection
	GlobalSection(ProjectConfigurationPlatforms) = postSolution
		{9C6FEE1E-A83A-4DF3-9B32-AC6F3915A402}.Debug|Any CPU.ActiveCfg = Debug|Any CPU
		{9C6FEE1E-A83A-4DF3-9B32-AC6F3915A402}.Debug|Any CPU.Build.0 = Debug|Any CPU
		{9C6FEE1E-A83A-4DF3-9B32-AC6F3915A402}.Release|Any CPU.ActiveCfg = Release|Any CPU
		{9C6FEE1E-A83A-4DF3-9B32-AC6F3915A402}.Release|Any CPU.Build.0 = Release|Any CPU
		{A896279A-C9A9-459B-A46B-B08A4D93389E}.Debug|Any CPU.ActiveCfg = Debug|Any CPU
		{A896279A-C9A9-459B-A46B-B08A4D93389E}.Debug|Any CPU.Build.0 = Debug|Any CPU
		{A896279A-C9A9-459B-A46B-B08A4D93389E}.Release|Any CPU.ActiveCfg = Release|Any CPU
		{A896279A-C9A9-459B-A46B-B08A4D93389E}.Release|Any CPU.Build.0 = Release|Any CPU
		{D088B6AC-2B87-4251-8FA4-D0BE659D8CF9}.Debug|Any CPU.ActiveCfg = Debug|Any CPU
		{D088B6AC-2B87-4251-8FA4-D0BE659D8CF9}.Debug|Any CPU.Build.0 = Debug|Any CPU
		{D088B6AC-2B87-4251-8FA4-D0BE659D8CF9}.Release|Any CPU.ActiveCfg = Release|Any CPU
		{D088B6AC-2B87-4251-8FA4-D0BE659D8CF9}.Release|Any CPU.Build.0 = Release|Any CPU
		{4C41BF71-2A8B-49A8-91AC-D1095A08883E}.Debug|Any CPU.ActiveCfg = Debug|Any CPU
		{4C41BF71-2A8B-49A8-91AC-D1095A08883E}.Debug|Any CPU.Build.0 = Debug|Any CPU
		{4C41BF71-2A8B-49A8-91AC-D1095A08883E}.Release|Any CPU.ActiveCfg = Release|Any CPU
		{4C41BF71-2A8B-49A8-91AC-D1095A08883E}.Release|Any CPU.Build.0 = Release|Any CPU
		{AAF0F19C-29D9-418E-9550-5B7E76A38F28}.Debug|Any CPU.ActiveCfg = Debug|Any CPU
		{AAF0F19C-29D9-418E-9550-5B7E76A38F28}.Debug|Any CPU.Build.0 = Debug|Any CPU
		{AAF0F19C-29D9-418E-9550-5B7E76A38F28}.Release|Any CPU.ActiveCfg = Release|Any CPU
		{AAF0F19C-29D9-418E-9550-5B7E76A38F28}.Release|Any CPU.Build.0 = Release|Any CPU
		{D4B178CD-8921-4BC8-B221-1F44BA07262E}.Debug|Any CPU.ActiveCfg = Debug|Any CPU
		{D4B178CD-8921-4BC8-B221-1F44BA07262E}.Debug|Any CPU.Build.0 = Debug|Any CPU
		{D4B178CD-8921-4BC8-B221-1F44BA07262E}.Release|Any CPU.ActiveCfg = Release|Any CPU
		{D4B178CD-8921-4BC8-B221-1F44BA07262E}.Release|Any CPU.Build.0 = Release|Any CPU
	EndGlobalSection
	GlobalSection(SolutionProperties) = preSolution
		HideSolutionNode = FALSE
	EndGlobalSection
	GlobalSection(ExtensibilityGlobals) = postSolution
		SolutionGuid = {188B36C7-6E92-4DEF-BC11-F2456799ADCE}
	EndGlobalSection
EndGlobal
